// !$*UTF8*$!
{
	archiveVersion = 1;
	classes = {
	};
	objectVersion = 50;
	objects = {

/* Begin PBXBuildFile section */
		646AE6A224C57B6C00FD2D16 /* AppDelegate.m in Sources */ = {isa = PBXBuildFile; fileRef = 646AE6A124C57B6C00FD2D16 /* AppDelegate.m */; };
		646AE6A524C57B6C00FD2D16 /* ViewController.m in Sources */ = {isa = PBXBuildFile; fileRef = 646AE6A424C57B6C00FD2D16 /* ViewController.m */; };
		646AE6A824C57B6C00FD2D16 /* Main.storyboard in Resources */ = {isa = PBXBuildFile; fileRef = 646AE6A624C57B6C00FD2D16 /* Main.storyboard */; };
		646AE6AA24C57B6D00FD2D16 /* Assets.xcassets in Resources */ = {isa = PBXBuildFile; fileRef = 646AE6A924C57B6D00FD2D16 /* Assets.xcassets */; };
		646AE6AD24C57B6D00FD2D16 /* LaunchScreen.storyboard in Resources */ = {isa = PBXBuildFile; fileRef = 646AE6AB24C57B6D00FD2D16 /* LaunchScreen.storyboard */; };
		646AE6B024C57B6D00FD2D16 /* main.m in Sources */ = {isa = PBXBuildFile; fileRef = 646AE6AF24C57B6D00FD2D16 /* main.m */; };
		646AE6C824C587E300FD2D16 /* libstdc++.6.0.9.tbd in Frameworks */ = {isa = PBXBuildFile; fileRef = 646AE6BE24C587E300FD2D16 /* libstdc++.6.0.9.tbd */; };
		646AE6C924C587E300FD2D16 /* libstdc++.6.0.9.tbd in Frameworks */ = {isa = PBXBuildFile; fileRef = 646AE6C024C587E300FD2D16 /* libstdc++.6.0.9.tbd */; };
		646AE6CA24C587E300FD2D16 /* libstdc++.6.tbd in Frameworks */ = {isa = PBXBuildFile; fileRef = 646AE6C124C587E300FD2D16 /* libstdc++.6.tbd */; };
		646AE6CB24C587E300FD2D16 /* libstdc++.tbd in Frameworks */ = {isa = PBXBuildFile; fileRef = 646AE6C224C587E300FD2D16 /* libstdc++.tbd */; };
		646AE6CC24C587E300FD2D16 /* 升级教程.rtf in Resources */ = {isa = PBXBuildFile; fileRef = 646AE6C324C587E300FD2D16 /* 升级教程.rtf */; };
		646AE6CD24C587E300FD2D16 /* libstdc++.6.dylib in Frameworks */ = {isa = PBXBuildFile; fileRef = 646AE6C524C587E300FD2D16 /* libstdc++.6.dylib */; };
		646AE6CE24C587E300FD2D16 /* libstdc++.6.0.9.dylib in Frameworks */ = {isa = PBXBuildFile; fileRef = 646AE6C624C587E300FD2D16 /* libstdc++.6.0.9.dylib */; };
		646AE6CF24C587E300FD2D16 /* libstdc++.dylib in Frameworks */ = {isa = PBXBuildFile; fileRef = 646AE6C724C587E300FD2D16 /* libstdc++.dylib */; };
/* End PBXBuildFile section */

/* Begin PBXFileReference section */
		646AE69D24C57B6C00FD2D16 /* Notes.app */ = {isa = PBXFileReference; explicitFileType = wrapper.application; includeInIndex = 0; path = Notes.app; sourceTree = BUILT_PRODUCTS_DIR; };
		646AE6A024C57B6C00FD2D16 /* AppDelegate.h */ = {isa = PBXFileReference; lastKnownFileType = sourcecode.c.h; path = AppDelegate.h; sourceTree = "<group>"; };
		646AE6A124C57B6C00FD2D16 /* AppDelegate.m */ = {isa = PBXFileReference; lastKnownFileType = sourcecode.c.objc; path = AppDelegate.m; sourceTree = "<group>"; };
		646AE6A324C57B6C00FD2D16 /* ViewController.h */ = {isa = PBXFileReference; lastKnownFileType = sourcecode.c.h; path = ViewController.h; sourceTree = "<group>"; };
		646AE6A424C57B6C00FD2D16 /* ViewController.m */ = {isa = PBXFileReference; lastKnownFileType = sourcecode.c.objc; path = ViewController.m; sourceTree = "<group>"; };
		646AE6A724C57B6C00FD2D16 /* Base */ = {isa = PBXFileReference; lastKnownFileType = file.storyboard; name = Base; path = Base.lproj/Main.storyboard; sourceTree = "<group>"; };
		646AE6A924C57B6D00FD2D16 /* Assets.xcassets */ = {isa = PBXFileReference; lastKnownFileType = folder.assetcatalog; path = Assets.xcassets; sourceTree = "<group>"; };
		646AE6AC24C57B6D00FD2D16 /* Base */ = {isa = PBXFileReference; lastKnownFileType = file.storyboard; name = Base; path = Base.lproj/LaunchScreen.storyboard; sourceTree = "<group>"; };
		646AE6AE24C57B6D00FD2D16 /* Info.plist */ = {isa = PBXFileReference; lastKnownFileType = text.plist.xml; path = Info.plist; sourceTree = "<group>"; };
		646AE6AF24C57B6D00FD2D16 /* main.m */ = {isa = PBXFileReference; lastKnownFileType = sourcecode.c.objc; path = main.m; sourceTree = "<group>"; };
		646AE6B624C57BC200FD2D16 /* PropertyAndSynthsize.h */ = {isa = PBXFileReference; lastKnownFileType = sourcecode.c.h; path = PropertyAndSynthsize.h; sourceTree = "<group>"; };
		646AE6B724C5806700FD2D16 /* PrintBoolType.h */ = {isa = PBXFileReference; lastKnownFileType = sourcecode.c.h; path = PrintBoolType.h; sourceTree = "<group>"; };
		646AE6B824C5836E00FD2D16 /* Loadimage.h */ = {isa = PBXFileReference; lastKnownFileType = sourcecode.c.h; path = Loadimage.h; sourceTree = "<group>"; };
		646AE6BA24C5842700FD2D16 /* SmartGitActive.h */ = {isa = PBXFileReference; lastKnownFileType = sourcecode.c.h; path = SmartGitActive.h; sourceTree = "<group>"; };
		646AE6BB24C5847900FD2D16 /* FrameBoundsCenter.h */ = {isa = PBXFileReference; lastKnownFileType = sourcecode.c.h; path = FrameBoundsCenter.h; sourceTree = "<group>"; };
		646AE6BC24C5877A00FD2D16 /* ISAPoint.h */ = {isa = PBXFileReference; lastKnownFileType = sourcecode.c.h; path = ISAPoint.h; sourceTree = "<group>"; };
		646AE6BE24C587E300FD2D16 /* libstdc++.6.0.9.tbd */ = {isa = PBXFileReference; fileEncoding = 4; lastKnownFileType = "sourcecode.text-based-dylib-definition"; path = "libstdc++.6.0.9.tbd"; sourceTree = "<group>"; };
		646AE6C024C587E300FD2D16 /* libstdc++.6.0.9.tbd */ = {isa = PBXFileReference; fileEncoding = 4; lastKnownFileType = "sourcecode.text-based-dylib-definition"; path = "libstdc++.6.0.9.tbd"; sourceTree = "<group>"; };
		646AE6C124C587E300FD2D16 /* libstdc++.6.tbd */ = {isa = PBXFileReference; fileEncoding = 4; lastKnownFileType = "sourcecode.text-based-dylib-definition"; path = "libstdc++.6.tbd"; sourceTree = "<group>"; };
		646AE6C224C587E300FD2D16 /* libstdc++.tbd */ = {isa = PBXFileReference; fileEncoding = 4; lastKnownFileType = "sourcecode.text-based-dylib-definition"; path = "libstdc++.tbd"; sourceTree = "<group>"; };
		646AE6C324C587E300FD2D16 /* 升级教程.rtf */ = {isa = PBXFileReference; fileEncoding = 4; lastKnownFileType = text.rtf; path = "升级教程.rtf"; sourceTree = "<group>"; };
		646AE6C524C587E300FD2D16 /* libstdc++.6.dylib */ = {isa = PBXFileReference; lastKnownFileType = "compiled.mach-o.dylib"; path = "libstdc++.6.dylib"; sourceTree = "<group>"; };
		646AE6C624C587E300FD2D16 /* libstdc++.6.0.9.dylib */ = {isa = PBXFileReference; lastKnownFileType = "compiled.mach-o.dylib"; path = "libstdc++.6.0.9.dylib"; sourceTree = "<group>"; };
		646AE6C724C587E300FD2D16 /* libstdc++.dylib */ = {isa = PBXFileReference; lastKnownFileType = "compiled.mach-o.dylib"; path = "libstdc++.dylib"; sourceTree = "<group>"; };
		646AE6D024C5882700FD2D16 /* Xml转NSDictionary.h */ = {isa = PBXFileReference; lastKnownFileType = sourcecode.c.h; path = "Xml转NSDictionary.h"; sourceTree = "<group>"; };
		646AE6D124C589C100FD2D16 /* DealWithImageArithmetic.h */ = {isa = PBXFileReference; lastKnownFileType = sourcecode.c.h; path = DealWithImageArithmetic.h; sourceTree = "<group>"; };
		646AE6D224C58AAC00FD2D16 /* LazyLoading.h */ = {isa = PBXFileReference; lastKnownFileType = sourcecode.c.h; path = LazyLoading.h; sourceTree = "<group>"; };
		646AE6D324C58B4A00FD2D16 /* StatusBarMessageNotifications.h */ = {isa = PBXFileReference; lastKnownFileType = sourcecode.c.h; path = StatusBarMessageNotifications.h; sourceTree = "<group>"; };
		646AE6D424C58BD100FD2D16 /* UIScreenUIWindowUIView.h */ = {isa = PBXFileReference; lastKnownFileType = sourcecode.c.h; path = UIScreenUIWindowUIView.h; sourceTree = "<group>"; };
		647496C224E50DA00070AEB4 /* CreateArrray.h */ = {isa = PBXFileReference; lastKnownFileType = sourcecode.c.h; path = CreateArrray.h; sourceTree = "<group>"; };
		648A4CE224D93D1600457639 /* StringAndCopy.h */ = {isa = PBXFileReference; lastKnownFileType = sourcecode.c.h; path = StringAndCopy.h; sourceTree = "<group>"; };
		64C8D7ED24E2813700778512 /* SortArithmetic.h */ = {isa = PBXFileReference; lastKnownFileType = sourcecode.c.h; path = SortArithmetic.h; sourceTree = "<group>"; };
		64C8D81024E28FFE00778512 /* GetInteger.h */ = {isa = PBXFileReference; lastKnownFileType = sourcecode.c.h; path = GetInteger.h; sourceTree = "<group>"; };
		64D6946224E12FEB00FD6F19 /* MultiThread.h */ = {isa = PBXFileReference; lastKnownFileType = sourcecode.c.h; path = MultiThread.h; sourceTree = "<group>"; };
		64ECC2C024CE589F00A8E5EC /* SDKMergeWithScript.h */ = {isa = PBXFileReference; lastKnownFileType = sourcecode.c.h; path = SDKMergeWithScript.h; sourceTree = "<group>"; };
/* End PBXFileReference section */

/* Begin PBXFrameworksBuildPhase section */
		646AE69A24C57B6C00FD2D16 /* Frameworks */ = {
			isa = PBXFrameworksBuildPhase;
			buildActionMask = 2147483647;
			files = (
				646AE6CF24C587E300FD2D16 /* libstdc++.dylib in Frameworks */,
				646AE6CB24C587E300FD2D16 /* libstdc++.tbd in Frameworks */,
				646AE6C824C587E300FD2D16 /* libstdc++.6.0.9.tbd in Frameworks */,
				646AE6C924C587E300FD2D16 /* libstdc++.6.0.9.tbd in Frameworks */,
				646AE6CD24C587E300FD2D16 /* libstdc++.6.dylib in Frameworks */,
				646AE6CA24C587E300FD2D16 /* libstdc++.6.tbd in Frameworks */,
				646AE6CE24C587E300FD2D16 /* libstdc++.6.0.9.dylib in Frameworks */,
			);
			runOnlyForDeploymentPostprocessing = 0;
		};
/* End PBXFrameworksBuildPhase section */

/* Begin PBXGroup section */
		646AE69424C57B6C00FD2D16 = {
			isa = PBXGroup;
			children = (
				646AE69F24C57B6C00FD2D16 /* Notes */,
				646AE69E24C57B6C00FD2D16 /* Products */,
			);
			sourceTree = "<group>";
		};
		646AE69E24C57B6C00FD2D16 /* Products */ = {
			isa = PBXGroup;
			children = (
				646AE69D24C57B6C00FD2D16 /* Notes.app */,
			);
			name = Products;
			sourceTree = "<group>";
		};
		646AE69F24C57B6C00FD2D16 /* Notes */ = {
			isa = PBXGroup;
			children = (
				646AE6BD24C587E300FD2D16 /* Xcode升级缺少文件 */,
				646AE6A024C57B6C00FD2D16 /* AppDelegate.h */,
				646AE6A124C57B6C00FD2D16 /* AppDelegate.m */,
				646AE6A324C57B6C00FD2D16 /* ViewController.h */,
				646AE6A424C57B6C00FD2D16 /* ViewController.m */,
				646AE6A624C57B6C00FD2D16 /* Main.storyboard */,
				646AE6A924C57B6D00FD2D16 /* Assets.xcassets */,
				646AE6AB24C57B6D00FD2D16 /* LaunchScreen.storyboard */,
				646AE6AE24C57B6D00FD2D16 /* Info.plist */,
				646AE6AF24C57B6D00FD2D16 /* main.m */,
				646AE6B624C57BC200FD2D16 /* PropertyAndSynthsize.h */,
				646AE6B724C5806700FD2D16 /* PrintBoolType.h */,
				646AE6B824C5836E00FD2D16 /* Loadimage.h */,
				646AE6BA24C5842700FD2D16 /* SmartGitActive.h */,
				646AE6BB24C5847900FD2D16 /* FrameBoundsCenter.h */,
				646AE6BC24C5877A00FD2D16 /* ISAPoint.h */,
				646AE6D024C5882700FD2D16 /* Xml转NSDictionary.h */,
				646AE6D124C589C100FD2D16 /* DealWithImageArithmetic.h */,
				646AE6D224C58AAC00FD2D16 /* LazyLoading.h */,
				646AE6D324C58B4A00FD2D16 /* StatusBarMessageNotifications.h */,
				646AE6D424C58BD100FD2D16 /* UIScreenUIWindowUIView.h */,
				64ECC2C024CE589F00A8E5EC /* SDKMergeWithScript.h */,
				648A4CE224D93D1600457639 /* StringAndCopy.h */,
				64D6946224E12FEB00FD6F19 /* MultiThread.h */,
				64C8D7ED24E2813700778512 /* SortArithmetic.h */,
				64C8D81024E28FFE00778512 /* GetInteger.h */,
				647496C224E50DA00070AEB4 /* CreateArrray.h */,
			);
			path = Notes;
			sourceTree = "<group>";
		};
		646AE6BD24C587E300FD2D16 /* Xcode升级缺少文件 */ = {
			isa = PBXGroup;
			children = (
				646AE6BE24C587E300FD2D16 /* libstdc++.6.0.9.tbd */,
				646AE6BF24C587E300FD2D16 /* libstdc++_sim */,
				646AE6C324C587E300FD2D16 /* 升级教程.rtf */,
				646AE6C424C587E300FD2D16 /* libstdc++.dylib_sim */,
			);
			path = "Xcode升级缺少文件";
			sourceTree = "<group>";
		};
		646AE6BF24C587E300FD2D16 /* libstdc++_sim */ = {
			isa = PBXGroup;
			children = (
				646AE6C024C587E300FD2D16 /* libstdc++.6.0.9.tbd */,
				646AE6C124C587E300FD2D16 /* libstdc++.6.tbd */,
				646AE6C224C587E300FD2D16 /* libstdc++.tbd */,
			);
			path = "libstdc++_sim";
			sourceTree = "<group>";
		};
		646AE6C424C587E300FD2D16 /* libstdc++.dylib_sim */ = {
			isa = PBXGroup;
			children = (
				646AE6C524C587E300FD2D16 /* libstdc++.6.dylib */,
				646AE6C624C587E300FD2D16 /* libstdc++.6.0.9.dylib */,
				646AE6C724C587E300FD2D16 /* libstdc++.dylib */,
			);
			path = "libstdc++.dylib_sim";
			sourceTree = "<group>";
		};
/* End PBXGroup section */

/* Begin PBXNativeTarget section */
		646AE69C24C57B6C00FD2D16 /* Notes */ = {
			isa = PBXNativeTarget;
			buildConfigurationList = 646AE6B324C57B6D00FD2D16 /* Build configuration list for PBXNativeTarget "Notes" */;
			buildPhases = (
				646AE69924C57B6C00FD2D16 /* Sources */,
				646AE69A24C57B6C00FD2D16 /* Frameworks */,
				646AE69B24C57B6C00FD2D16 /* Resources */,
			);
			buildRules = (
			);
			dependencies = (
			);
			name = Notes;
			productName = Notes;
			productReference = 646AE69D24C57B6C00FD2D16 /* Notes.app */;
			productType = "com.apple.product-type.application";
		};
/* End PBXNativeTarget section */

/* Begin PBXProject section */
		646AE69524C57B6C00FD2D16 /* Project object */ = {
			isa = PBXProject;
			attributes = {
				LastUpgradeCheck = 1030;
				ORGANIZATIONNAME = PersonalONBYL;
				TargetAttributes = {
					646AE69C24C57B6C00FD2D16 = {
						CreatedOnToolsVersion = 10.3;
					};
				};
			};
			buildConfigurationList = 646AE69824C57B6C00FD2D16 /* Build configuration list for PBXProject "Notes" */;
			compatibilityVersion = "Xcode 9.3";
			developmentRegion = en;
			hasScannedForEncodings = 0;
			knownRegions = (
				en,
				Base,
			);
			mainGroup = 646AE69424C57B6C00FD2D16;
			productRefGroup = 646AE69E24C57B6C00FD2D16 /* Products */;
			projectDirPath = "";
			projectRoot = "";
			targets = (
				646AE69C24C57B6C00FD2D16 /* Notes */,
			);
		};
/* End PBXProject section */

/* Begin PBXResourcesBuildPhase section */
		646AE69B24C57B6C00FD2D16 /* Resources */ = {
			isa = PBXResourcesBuildPhase;
			buildActionMask = 2147483647;
			files = (
				646AE6CC24C587E300FD2D16 /* 升级教程.rtf in Resources */,
				646AE6AD24C57B6D00FD2D16 /* LaunchScreen.storyboard in Resources */,
				646AE6AA24C57B6D00FD2D16 /* Assets.xcassets in Resources */,
				646AE6A824C57B6C00FD2D16 /* Main.storyboard in Resources */,
			);
			runOnlyForDeploymentPostprocessing = 0;
		};
/* End PBXResourcesBuildPhase section */

/* Begin PBXSourcesBuildPhase section */
		646AE69924C57B6C00FD2D16 /* Sources */ = {
			isa = PBXSourcesBuildPhase;
			buildActionMask = 2147483647;
			files = (
				646AE6A524C57B6C00FD2D16 /* ViewController.m in Sources */,
				646AE6B024C57B6D00FD2D16 /* main.m in Sources */,
				646AE6A224C57B6C00FD2D16 /* AppDelegate.m in Sources */,
			);
			runOnlyForDeploymentPostprocessing = 0;
		};
/* End PBXSourcesBuildPhase section */

/* Begin PBXVariantGroup section */
		646AE6A624C57B6C00FD2D16 /* Main.storyboard */ = {
			isa = PBXVariantGroup;
			children = (
				646AE6A724C57B6C00FD2D16 /* Base */,
			);
			name = Main.storyboard;
			sourceTree = "<group>";
		};
		646AE6AB24C57B6D00FD2D16 /* LaunchScreen.storyboard */ = {
			isa = PBXVariantGroup;
			children = (
				646AE6AC24C57B6D00FD2D16 /* Base */,
			);
			name = LaunchScreen.storyboard;
			sourceTree = "<group>";
		};
/* End PBXVariantGroup section */

/* Begin XCBuildConfiguration section */
		646AE6B124C57B6D00FD2D16 /* Debug */ = {
			isa = XCBuildConfiguration;
			buildSettings = {
				ALWAYS_SEARCH_USER_PATHS = NO;
				CLANG_ANALYZER_NONNULL = YES;
				CLANG_ANALYZER_NUMBER_OBJECT_CONVERSION = YES_AGGRESSIVE;
				CLANG_CXX_LANGUAGE_STANDARD = "gnu++14";
				CLANG_CXX_LIBRARY = "libc++";
				CLANG_ENABLE_MODULES = YES;
				CLANG_ENABLE_OBJC_ARC = YES;
				CLANG_ENABLE_OBJC_WEAK = YES;
				CLANG_WARN_BLOCK_CAPTURE_AUTORELEASING = YES;
				CLANG_WARN_BOOL_CONVERSION = YES;
				CLANG_WARN_COMMA = YES;
				CLANG_WARN_CONSTANT_CONVERSION = YES;
				CLANG_WARN_DEPRECATED_OBJC_IMPLEMENTATIONS = YES;
				CLANG_WARN_DIRECT_OBJC_ISA_USAGE = YES_ERROR;
				CLANG_WARN_DOCUMENTATION_COMMENTS = YES;
				CLANG_WARN_EMPTY_BODY = YES;
				CLANG_WARN_ENUM_CONVERSION = YES;
				CLANG_WARN_INFINITE_RECURSION = YES;
				CLANG_WARN_INT_CONVERSION = YES;
				CLANG_WARN_NON_LITERAL_NULL_CONVERSION = YES;
				CLANG_WARN_OBJC_IMPLICIT_RETAIN_SELF = YES;
				CLANG_WARN_OBJC_LITERAL_CONVERSION = YES;
				CLANG_WARN_OBJC_ROOT_CLASS = YES_ERROR;
				CLANG_WARN_RANGE_LOOP_ANALYSIS = YES;
				CLANG_WARN_STRICT_PROTOTYPES = YES;
				CLANG_WARN_SUSPICIOUS_MOVE = YES;
				CLANG_WARN_UNGUARDED_AVAILABILITY = YES_AGGRESSIVE;
				CLANG_WARN_UNREACHABLE_CODE = YES;
				CLANG_WARN__DUPLICATE_METHOD_MATCH = YES;
				CODE_SIGN_IDENTITY = "iPhone Developer";
				COPY_PHASE_STRIP = NO;
				DEBUG_INFORMATION_FORMAT = dwarf;
				ENABLE_STRICT_OBJC_MSGSEND = YES;
				ENABLE_TESTABILITY = YES;
				GCC_C_LANGUAGE_STANDARD = gnu11;
				GCC_DYNAMIC_NO_PIC = NO;
				GCC_NO_COMMON_BLOCKS = YES;
				GCC_OPTIMIZATION_LEVEL = 0;
				GCC_PREPROCESSOR_DEFINITIONS = (
					"DEBUG=1",
					"$(inherited)",
				);
				GCC_WARN_64_TO_32_BIT_CONVERSION = YES;
				GCC_WARN_ABOUT_RETURN_TYPE = YES_ERROR;
				GCC_WARN_UNDECLARED_SELECTOR = YES;
				GCC_WARN_UNINITIALIZED_AUTOS = YES_AGGRESSIVE;
				GCC_WARN_UNUSED_FUNCTION = YES;
				GCC_WARN_UNUSED_VARIABLE = YES;
				IPHONEOS_DEPLOYMENT_TARGET = 12.4;
				MTL_ENABLE_DEBUG_INFO = INCLUDE_SOURCE;
				MTL_FAST_MATH = YES;
				ONLY_ACTIVE_ARCH = YES;
				SDKROOT = iphoneos;
			};
			name = Debug;
		};
		646AE6B224C57B6D00FD2D16 /* Release */ = {
			isa = XCBuildConfiguration;
			buildSettings = {
				ALWAYS_SEARCH_USER_PATHS = NO;
				CLANG_ANALYZER_NONNULL = YES;
				CLANG_ANALYZER_NUMBER_OBJECT_CONVERSION = YES_AGGRESSIVE;
				CLANG_CXX_LANGUAGE_STANDARD = "gnu++14";
				CLANG_CXX_LIBRARY = "libc++";
				CLANG_ENABLE_MODULES = YES;
				CLANG_ENABLE_OBJC_ARC = YES;
				CLANG_ENABLE_OBJC_WEAK = YES;
				CLANG_WARN_BLOCK_CAPTURE_AUTORELEASING = YES;
				CLANG_WARN_BOOL_CONVERSION = YES;
				CLANG_WARN_COMMA = YES;
				CLANG_WARN_CONSTANT_CONVERSION = YES;
				CLANG_WARN_DEPRECATED_OBJC_IMPLEMENTATIONS = YES;
				CLANG_WARN_DIRECT_OBJC_ISA_USAGE = YES_ERROR;
				CLANG_WARN_DOCUMENTATION_COMMENTS = YES;
				CLANG_WARN_EMPTY_BODY = YES;
				CLANG_WARN_ENUM_CONVERSION = YES;
				CLANG_WARN_INFINITE_RECURSION = YES;
				CLANG_WARN_INT_CONVERSION = YES;
				CLANG_WARN_NON_LITERAL_NULL_CONVERSION = YES;
				CLANG_WARN_OBJC_IMPLICIT_RETAIN_SELF = YES;
				CLANG_WARN_OBJC_LITERAL_CONVERSION = YES;
				CLANG_WARN_OBJC_ROOT_CLASS = YES_ERROR;
				CLANG_WARN_RANGE_LOOP_ANALYSIS = YES;
				CLANG_WARN_STRICT_PROTOTYPES = YES;
				CLANG_WARN_SUSPICIOUS_MOVE = YES;
				CLANG_WARN_UNGUARDED_AVAILABILITY = YES_AGGRESSIVE;
				CLANG_WARN_UNREACHABLE_CODE = YES;
				CLANG_WARN__DUPLICATE_METHOD_MATCH = YES;
				CODE_SIGN_IDENTITY = "iPhone Developer";
				COPY_PHASE_STRIP = NO;
				DEBUG_INFORMATION_FORMAT = "dwarf-with-dsym";
				ENABLE_NS_ASSERTIONS = NO;
				ENABLE_STRICT_OBJC_MSGSEND = YES;
				GCC_C_LANGUAGE_STANDARD = gnu11;
				GCC_NO_COMMON_BLOCKS = YES;
				GCC_WARN_64_TO_32_BIT_CONVERSION = YES;
				GCC_WARN_ABOUT_RETURN_TYPE = YES_ERROR;
				GCC_WARN_UNDECLARED_SELECTOR = YES;
				GCC_WARN_UNINITIALIZED_AUTOS = YES_AGGRESSIVE;
				GCC_WARN_UNUSED_FUNCTION = YES;
				GCC_WARN_UNUSED_VARIABLE = YES;
				IPHONEOS_DEPLOYMENT_TARGET = 12.4;
				MTL_ENABLE_DEBUG_INFO = NO;
				MTL_FAST_MATH = YES;
				SDKROOT = iphoneos;
				VALIDATE_PRODUCT = YES;
			};
			name = Release;
		};
		646AE6B424C57B6D00FD2D16 /* Debug */ = {
			isa = XCBuildConfiguration;
			buildSettings = {
				ASSETCATALOG_COMPILER_APPICON_NAME = AppIcon;
				CODE_SIGN_STYLE = Automatic;
				INFOPLIST_FILE = Notes/Info.plist;
				LD_RUNPATH_SEARCH_PATHS = (
					"$(inherited)",
					"@executable_path/Frameworks",
				);
				LIBRARY_SEARCH_PATHS = (
					"$(inherited)",
					"$(PROJECT_DIR)/Notes/Xcode升级缺少文件",
					"$(PROJECT_DIR)/Notes/Xcode升级缺少文件/libstdc++_sim",
					"$(PROJECT_DIR)/Notes/Xcode升级缺少文件/libstdc++.dylib_sim",
				);
				PRODUCT_BUNDLE_IDENTIFIER = com.PersonalONBYL.Notes;
				PRODUCT_NAME = "$(TARGET_NAME)";
				TARGETED_DEVICE_FAMILY = "1,2";
			};
			name = Debug;
		};
		646AE6B524C57B6D00FD2D16 /* Release */ = {
			isa = XCBuildConfiguration;
			buildSettings = {
				ASSETCATALOG_COMPILER_APPICON_NAME = AppIcon;
				CODE_SIGN_STYLE = Automatic;
				INFOPLIST_FILE = Notes/Info.plist;
				LD_RUNPATH_SEARCH_PATHS = (
					"$(inherited)",
					"@executable_path/Frameworks",
				);
				LIBRARY_SEARCH_PATHS = (
					"$(inherited)",
					"$(PROJECT_DIR)/Notes/Xcode升级缺少文件",
					"$(PROJECT_DIR)/Notes/Xcode升级缺少文件/libstdc++_sim",
					"$(PROJECT_DIR)/Notes/Xcode升级缺少文件/libstdc++.dylib_sim",
				);
				PRODUCT_BUNDLE_IDENTIFIER = com.PersonalONBYL.Notes;
				PRODUCT_NAME = "$(TARGET_NAME)";
				TARGETED_DEVICE_FAMILY = "1,2";
			};
			name = Release;
		};
/* End XCBuildConfiguration section */

/* Begin XCConfigurationList section */
		646AE69824C57B6C00FD2D16 /* Build configuration list for PBXProject "Notes" */ = {
			isa = XCConfigurationList;
			buildConfigurations = (
				646AE6B124C57B6D00FD2D16 /* Debug */,
				646AE6B224C57B6D00FD2D16 /* Release */,
			);
			defaultConfigurationIsVisible = 0;
			defaultConfigurationName = Release;
		};
		646AE6B324C57B6D00FD2D16 /* Build configuration list for PBXNativeTarget "Notes" */ = {
			isa = XCConfigurationList;
			buildConfigurations = (
				646AE6B424C57B6D00FD2D16 /* Debug */,
				646AE6B524C57B6D00FD2D16 /* Release */,
			);
			defaultConfigurationIsVisible = 0;
			defaultConfigurationName = Release;
		};
/* End XCConfigurationList section */
	};
	rootObject = 646AE69524C57B6C00FD2D16 /* Project object */;
}
